{
  "name": "vibhaag",
  "version": "0.1.0",
  "lockfileVersion": 1,
  "requires": true,
  "dependencies": {
    "generate-password": {
      "version": "1.4.1",
      "resolved": "https://registry.npmjs.org/generate-password/-/generate-password-1.4.1.tgz",
      "integrity": "sha512-MwMSkOIKkgYBG3JrquF0m/Rky+pl5jZFNmoroE9bQU5VawFDKdJfxMx1qBthPusx8GQyNWSW0m+Jaw0mZnqApg=="
    }
  }
}
